
Microsoft Visual Studio Solution File, Format Version 12.00
# Visual Studio 14
VisualStudioVersion = 14.0.25420.1
MinimumVisualStudioVersion = 10.0.40219.1
Project("{FAE04EC0-301F-11D3-BF4B-00C04F79EFBC}") = "ApprendaSmokeTestsBase", "ApprendaSmokeTestsBase\ApprendaSmokeTestsBase.csproj", "{F760A373-B649-425C-9290-9703D643C3F2}"
EndProject
Project("{FAE04EC0-301F-11D3-BF4B-00C04F79EFBC}") = "DefaultApprendaSmokeTests", "DefaultApprendaSmokeTests\DefaultApprendaSmokeTests.csproj", "{A86D818F-ED50-47C8-AAB0-39644312A871}"
EndProject
Project("{FAE04EC0-301F-11D3-BF4B-00C04F79EFBC}") = "ApprendaAPIClient", "ApprendaAPIClient\ApprendaAPIClient.csproj", "{9D3B3176-5845-4F9A-9ED4-B183A3C15679}"
EndProject
Project("{2150E333-8FDC-42A3-9474-1A3956D46DE8}") = "SwaggerClients", "SwaggerClients", "{F61C7905-A88E-481E-AB3A-E59AD135F51B}"
EndProject
Project("{FAE04EC0-301F-11D3-BF4B-00C04F79EFBC}") = "DeveloperPortal.Swagger", "ApprendaAPIClient\DeveloperPortalSwagger\csharp-client\src\IO.Swagger\DeveloperPortal.Swagger.csproj", "{93C36163-A1B4-4100-9CC8-28677080D33B}"
EndProject
Project("{FAE04EC0-301F-11D3-BF4B-00C04F79EFBC}") = "AccountPortal.Swagger", "ApprendaAPIClient\AccountPortalSwagger\csharp-client\src\IO.Swagger\AccountPortal.Swagger.csproj", "{784F9922-D51D-41E1-9C2D-718C03DE0F7D}"
EndProject
Global
	GlobalSection(SolutionConfigurationPlatforms) = preSolution
		Debug|Any CPU = Debug|Any CPU
		Release|Any CPU = Release|Any CPU
	EndGlobalSection
	GlobalSection(ProjectConfigurationPlatforms) = postSolution
		{F760A373-B649-425C-9290-9703D643C3F2}.Debug|Any CPU.ActiveCfg = Debug|Any CPU
		{F760A373-B649-425C-9290-9703D643C3F2}.Debug|Any CPU.Build.0 = Debug|Any CPU
		{F760A373-B649-425C-9290-9703D643C3F2}.Release|Any CPU.ActiveCfg = Release|Any CPU
		{F760A373-B649-425C-9290-9703D643C3F2}.Release|Any CPU.Build.0 = Release|Any CPU
		{A86D818F-ED50-47C8-AAB0-39644312A871}.Debug|Any CPU.ActiveCfg = Debug|Any CPU
		{A86D818F-ED50-47C8-AAB0-39644312A871}.Debug|Any CPU.Build.0 = Debug|Any CPU
		{A86D818F-ED50-47C8-AAB0-39644312A871}.Release|Any CPU.ActiveCfg = Release|Any CPU
		{A86D818F-ED50-47C8-AAB0-39644312A871}.Release|Any CPU.Build.0 = Release|Any CPU
		{9D3B3176-5845-4F9A-9ED4-B183A3C15679}.Debug|Any CPU.ActiveCfg = Debug|Any CPU
		{9D3B3176-5845-4F9A-9ED4-B183A3C15679}.Debug|Any CPU.Build.0 = Debug|Any CPU
		{9D3B3176-5845-4F9A-9ED4-B183A3C15679}.Release|Any CPU.ActiveCfg = Release|Any CPU
		{9D3B3176-5845-4F9A-9ED4-B183A3C15679}.Release|Any CPU.Build.0 = Release|Any CPU
		{93C36163-A1B4-4100-9CC8-28677080D33B}.Debug|Any CPU.ActiveCfg = Debug|Any CPU
		{93C36163-A1B4-4100-9CC8-28677080D33B}.Debug|Any CPU.Build.0 = Debug|Any CPU
		{93C36163-A1B4-4100-9CC8-28677080D33B}.Release|Any CPU.ActiveCfg = Release|Any CPU
		{93C36163-A1B4-4100-9CC8-28677080D33B}.Release|Any CPU.Build.0 = Release|Any CPU
		{784F9922-D51D-41E1-9C2D-718C03DE0F7D}.Debug|Any CPU.ActiveCfg = Debug|Any CPU
		{784F9922-D51D-41E1-9C2D-718C03DE0F7D}.Debug|Any CPU.Build.0 = Debug|Any CPU
		{784F9922-D51D-41E1-9C2D-718C03DE0F7D}.Release|Any CPU.ActiveCfg = Release|Any CPU
		{784F9922-D51D-41E1-9C2D-718C03DE0F7D}.Release|Any CPU.Build.0 = Release|Any CPU
	EndGlobalSection
	GlobalSection(SolutionProperties) = preSolution
		HideSolutionNode = FALSE
	EndGlobalSection
	GlobalSection(NestedProjects) = preSolution
		{93C36163-A1B4-4100-9CC8-28677080D33B} = {F61C7905-A88E-481E-AB3A-E59AD135F51B}
		{784F9922-D51D-41E1-9C2D-718C03DE0F7D} = {F61C7905-A88E-481E-AB3A-E59AD135F51B}
	EndGlobalSection
EndGlobal
